{
    "hash": "398599d6606ed79596820f3f2c29c44a",
    "packages": [
        {
            "name": "CodePlex/PHPExcel",
            "version": "1.7.8",
            "source": {
                "type": "git",
                "url": "https://github.com/markushausammann/PHPExcel",
                "reference": "1.7.8"
            },
            "dist": {
                "type": "zip",
                "url": "https://github.com/markushausammann/PHPExcel/archive/1.7.8.zip",
                "reference": "1.7.8",
                "shasum": ""
            },
            "require": {
                "php": ">=5.2.0",
                "ext-xml": "*"
            },
            "time": "2012-11-21 10:55:52",
            "type": "library",
            "installation-source": "dist",
            "autoload": {
                "psr-0": {
                    "PHPExcel": ""
                }
            },
            "notification-url": "https://packagist.org/downloads/",
            "license": [
                "LGPL"
            ],
            "authors": [
                {
                    "name": "Maarten Balliauw",
                    "homepage": "http://blog.maartenballiauw.be"
                },
                {
                    "name": "Mark Baker"
                },
                {
                    "name": "Erit Tilt"
                }
            ],
            "description": "PHPExcel - OpenXML - Create Excel2007 documents in PHP - Spreadsheet engine",
            "homepage": "http://phpexcel.codeplex.com",
            "keywords": [
                "php",
                "excel",
                "spreadsheet",
                "OpenXML"
            ]
        },
        {
            "name": "doctrine/common",
            "version": "2.3.x-dev",
            "source": {
                "type": "git",
                "url": "https://github.com/doctrine/common",
                "reference": "bb0aebbf234db52df476a2b473d434745b34221c"
            },
            "dist": {
                "type": "zip",
                "url": "https://github.com/doctrine/common/archive/bb0aebbf234db52df476a2b473d434745b34221c.zip",
                "reference": "bb0aebbf234db52df476a2b473d434745b34221c",
                "shasum": ""
            },
            "require": {
                "php": ">=5.3.2"
            },
            "time": "2012-09-20 05:55:18",
            "type": "library",
            "extra": {
                "branch-alias": {
                    "dev-master": "2.3.x-dev"
                }
            },
            "installation-source": "dist",
            "autoload": {
                "psr-0": {
                    "Doctrine\\Common": "lib/"
                }
            },
            "notification-url": "https://packagist.org/downloads/",
            "license": [
                "MIT"
            ],
            "authors": [
                {
                    "name": "Jonathan Wage",
                    "email": "jonwage@gmail.com",
                    "homepage": "http://www.jwage.com/"
                },
                {
                    "name": "Guilherme Blanco",
                    "email": "guilhermeblanco@gmail.com",
                    "homepage": "http://www.instaclick.com"
                },
                {
                    "name": "Roman Borschel",
                    "email": "roman@code-factory.org"
                },
                {
                    "name": "Benjamin Eberlei",
                    "email": "kontakt@beberlei.de"
                },
                {
                    "name": "Johannes Schmitt",
                    "email": "schmittjoh@gmail.com",
                    "homepage": "https://github.com/schmittjoh",
                    "role": "Developer of wrapped JMSSerializerBundle"
                }
            ],
            "description": "Common Library for Doctrine projects",
            "homepage": "http://www.doctrine-project.org",
            "keywords": [
                "collections",
                "spl",
                "eventmanager",
                "annotations",
                "persistence"
            ]
        },
        {
            "name": "doctrine/dbal",
            "version": "2.3.x-dev",
            "source": {
                "type": "git",
                "url": "https://github.com/doctrine/dbal",
                "reference": "cb3ec49cb4401bd1c8be6ba9671f651802586eaf"
            },
            "dist": {
                "type": "zip",
                "url": "https://github.com/doctrine/dbal/archive/cb3ec49cb4401bd1c8be6ba9671f651802586eaf.zip",
                "reference": "cb3ec49cb4401bd1c8be6ba9671f651802586eaf",
                "shasum": ""
            },
            "require": {
                "php": ">=5.3.2",
                "doctrine/common": "2.3.*"
            },
            "time": "2012-12-23 20:28:39",
            "type": "library",
            "extra": {
                "branch-alias": {
                    "dev-master": "2.3.x-dev"
                }
            },
            "installation-source": "dist",
            "autoload": {
                "psr-0": {
                    "Doctrine\\DBAL": "lib/"
                }
            },
            "notification-url": "https://packagist.org/downloads/",
            "license": [
                "MIT"
            ],
            "authors": [
                {
                    "name": "Jonathan Wage",
                    "email": "jonwage@gmail.com",
                    "homepage": "http://www.jwage.com/"
                },
                {
                    "name": "Guilherme Blanco",
                    "email": "guilhermeblanco@gmail.com",
                    "homepage": "http://www.instaclick.com"
                },
                {
                    "name": "Roman Borschel",
                    "email": "roman@code-factory.org"
                },
                {
                    "name": "Benjamin Eberlei",
                    "email": "kontakt@beberlei.de"
                }
            ],
            "description": "Database Abstraction Layer",
            "homepage": "http://www.doctrine-project.org",
            "keywords": [
                "database",
                "persistence",
                "dbal",
                "queryobject"
            ]
        },
        {
            "name": "doctrine/orm",
            "version": "2.3.x-dev",
            "source": {
                "type": "git",
                "url": "git://github.com/doctrine/doctrine2.git",
                "reference": "019094655b6606852a3e3231de93425d9913bac4"
            },
            "dist": {
                "type": "zip",
                "url": "https://github.com/doctrine/doctrine2/archive/019094655b6606852a3e3231de93425d9913bac4.zip",
                "reference": "019094655b6606852a3e3231de93425d9913bac4",
                "shasum": ""
            },
            "require": {
                "php": ">=5.3.2",
                "ext-pdo": "*",
                "symfony/console": "2.*",
                "doctrine/dbal": "2.3.*"
            },
            "suggest": {
                "symfony/yaml": "If you want to use YAML Metadata Mapping Driver"
            },
            "time": "2012-12-24 10:18:12",
            "bin": [
                "bin/doctrine",
                "bin/doctrine.php"
            ],
            "type": "library",
            "extra": {
                "branch-alias": {
                    "dev-master": "2.3.x-dev"
                }
            },
            "installation-source": "dist",
            "autoload": {
                "psr-0": {
                    "Doctrine\\ORM": "lib/"
                }
            },
            "notification-url": "https://packagist.org/downloads/",
            "license": [
                "MIT"
            ],
            "authors": [
                {
                    "name": "Jonathan Wage",
                    "email": "jonwage@gmail.com",
                    "homepage": "http://www.jwage.com/"
                },
                {
                    "name": "Guilherme Blanco",
                    "email": "guilhermeblanco@gmail.com",
                    "homepage": "http://www.instaclick.com"
                },
                {
                    "name": "Roman Borschel",
                    "email": "roman@code-factory.org"
                },
                {
                    "name": "Benjamin Eberlei",
                    "email": "kontakt@beberlei.de"
                }
            ],
            "description": "Object-Relational-Mapper for PHP",
            "homepage": "http://www.doctrine-project.org",
            "keywords": [
                "database",
                "orm"
            ]
        },
        {
            "name": "imagine/Imagine",
            "version": "v0.3.1",
            "source": {
                "type": "git",
                "url": "https://github.com/avalanche123/Imagine",
                "reference": "v0.3.1"
            },
            "dist": {
                "type": "zip",
                "url": "https://github.com/avalanche123/Imagine/archive/v0.3.1.zip",
                "reference": "v0.3.1",
                "shasum": ""
            },
            "require": {
                "php": ">=5.3.2"
            },
            "require-dev": {
                "sami/sami": "dev-master"
            },
            "time": "2012-11-12 21:16:43",
            "type": "library",
            "installation-source": "dist",
            "autoload": {
                "psr-0": {
                    "Imagine": "lib/"
                }
            },
            "notification-url": "https://packagist.org/downloads/",
            "license": [
                "MIT"
            ],
            "authors": [
                {
                    "name": "Bulat Shakirzyanov",
                    "email": "mallluhuct@gmail.com",
                    "homepage": "http://avalanche123.com"
                }
            ],
            "description": "Image processing for PHP 5.3",
            "homepage": "http://imagine.readthedocs.org/",
            "keywords": [
                "image manipulation",
                "image processing",
                "drawing",
                "graphics"
            ]
        },
        {
            "name": "keboola/csv",
            "version": "1.0.9",
            "source": {
                "type": "git",
                "url": "https://github.com/keboola/php-csv",
                "reference": "1.0.9"
            },
            "dist": {
                "type": "zip",
                "url": "https://github.com/keboola/php-csv/archive/1.0.9.zip",
                "reference": "1.0.9",
                "shasum": ""
            },
            "time": "2012-11-21 10:29:07",
            "type": "library",
            "installation-source": "dist",
            "autoload": {
                "psr-0": {
                    "Keboola\\Csv": "src/"
                }
            },
            "notification-url": "https://packagist.org/downloads/",
            "description": "Keboola CSV reader and writer",
            "homepage": "http://keboola.com"
        },
        {
            "name": "nikic/php-parser",
            "version": "dev-master",
            "source": {
                "type": "git",
                "url": "https://github.com/nikic/PHP-Parser",
                "reference": "222c9612ab9c65551b7febd38cbb0fa685b0e0db"
            },
            "dist": {
                "type": "zip",
                "url": "https://github.com/nikic/PHP-Parser/archive/222c9612ab9c65551b7febd38cbb0fa685b0e0db.zip",
                "reference": "222c9612ab9c65551b7febd38cbb0fa685b0e0db",
                "shasum": ""
            },
            "require": {
                "php": ">=5.2"
            },
            "time": "2012-12-21 12:28:35",
            "type": "library",
            "installation-source": "dist",
            "autoload": {
                "psr-0": {
                    "PHPParser": "lib/"
                }
            },
            "notification-url": "https://packagist.org/downloads/",
            "license": [
                "BSD-3-Clause"
            ],
            "authors": [
                {
                    "name": "Nikita Popov"
                }
            ],
            "description": "A PHP parser written in PHP",
            "keywords": [
                "php",
                "parser"
            ]
        },
        {
            "name": "pscheit/psc-cms",
            "version": "dev-master",
            "source": {
                "type": "git",
                "url": "https://github.com/pscheit/psc-cms",
                "reference": "65b0692d9b2867cd4e70ad716baeb19c28b6aaf6"
            },
            "dist": {
                "type": "zip",
                "url": "https://github.com/pscheit/psc-cms/archive/65b0692d9b2867cd4e70ad716baeb19c28b6aaf6.zip",
                "reference": "65b0692d9b2867cd4e70ad716baeb19c28b6aaf6",
                "shasum": ""
            },
            "require": {
                "php": ">=5.3.2",
                "ext-mbstring": "*",
                "doctrine/orm": "2.3.*@stable",
                "symfony/console": "2.1.*@stable",
                "symfony/process": "2.1.*@stable",
                "symfony/css-selector": "2.1.*@stable",
                "symfony/http-foundation": "2.1.*@stable",
                "imagine/imagine": "0.3.*",
                "swiftmailer/swiftmailer": "4.1.*",
                "codeplex/phpexcel": "1.7.8"
            },
            "require-dev": {
                "webforge/testdata-repository": "dev-master",
                "doctrine/data-fixtures": "dev-master"
            },
            "time": "2012-12-30 17:58:13",
            "type": "library",
            "installation-source": "dist",
            "autoload": {
                "psr-0": {
                    "Psc": [
                        "psc/class/"
                    ]
                }
            },
            "notification-url": "https://packagist.org/downloads/",
            "license": [
                "LGPL-2.1+"
            ],
            "authors": [
                {
                    "name": "Philipp Scheit",
                    "email": "p.scheit@ps-webforge.com"
                }
            ],
            "description": "a content management system ontop of webforge.",
            "homepage": "http://wiki.ps-webforge.com/psc-cms:start",
            "keywords": [
                "framework",
                "cms",
                "cmf"
            ]
        },
        {
            "name": "swiftmailer/swiftmailer",
            "version": "v4.1.8",
            "source": {
                "type": "git",
                "url": "git://github.com/swiftmailer/swiftmailer.git",
                "reference": "v4.1.8"
            },
            "dist": {
                "type": "zip",
                "url": "https://github.com/swiftmailer/swiftmailer/zipball/v4.1.8",
                "reference": "v4.1.8",
                "shasum": ""
            },
            "require": {
                "php": ">=5.2.4"
            },
            "time": "2012-06-17 13:55:34",
            "type": "library",
            "extra": {
                "branch-alias": {
                    "dev-master": "4.1-dev"
                }
            },
            "installation-source": "dist",
            "autoload": {
                "files": [
                    "lib/swift_required.php"
                ]
            },
            "notification-url": "https://packagist.org/downloads/",
            "license": [
                "LGPL"
            ],
            "authors": [
                {
                    "name": "Fabien Potencier",
                    "email": "fabien@symfony.com"
                },
                {
                    "name": "Chris Corbyn"
                }
            ],
            "description": "Swiftmailer, free feature-rich PHP mailer",
            "homepage": "http://swiftmailer.org",
            "keywords": [
                "mail",
                "mailer"
            ]
        },
        {
            "name": "symfony/console",
            "version": "2.1.x-dev",
            "target-dir": "Symfony/Component/Console",
            "source": {
                "type": "git",
                "url": "https://github.com/symfony/Console",
                "reference": "v2.1.6"
            },
            "dist": {
                "type": "zip",
                "url": "https://github.com/symfony/Console/archive/v2.1.6.zip",
                "reference": "v2.1.6",
                "shasum": ""
            },
            "require": {
                "php": ">=5.3.3"
            },
            "time": "2012-12-13 17:42:00",
            "type": "library",
            "installation-source": "dist",
            "autoload": {
                "psr-0": {
                    "Symfony\\Component\\Console": ""
                }
            },
            "notification-url": "https://packagist.org/downloads/",
            "license": [
                "MIT"
            ],
            "authors": [
                {
                    "name": "Fabien Potencier",
                    "email": "fabien@symfony.com"
                },
                {
                    "name": "Symfony Community",
                    "homepage": "http://symfony.com/contributors"
                }
            ],
            "description": "Symfony Console Component",
            "homepage": "http://symfony.com"
        },
        {
            "name": "symfony/css-selector",
            "version": "2.1.x-dev",
            "target-dir": "Symfony/Component/CssSelector",
            "source": {
                "type": "git",
                "url": "https://github.com/symfony/CssSelector",
                "reference": "v2.1.6"
            },
            "dist": {
                "type": "zip",
                "url": "https://github.com/symfony/CssSelector/archive/v2.1.6.zip",
                "reference": "v2.1.6",
                "shasum": ""
            },
            "require": {
                "php": ">=5.3.3"
            },
            "time": "2012-12-11 10:33:11",
            "type": "library",
            "installation-source": "dist",
            "autoload": {
                "psr-0": {
                    "Symfony\\Component\\CssSelector": ""
                }
            },
            "notification-url": "https://packagist.org/downloads/",
            "license": [
                "MIT"
            ],
            "authors": [
                {
                    "name": "Fabien Potencier",
                    "email": "fabien@symfony.com"
                },
                {
                    "name": "Symfony Community",
                    "homepage": "http://symfony.com/contributors"
                }
            ],
            "description": "Symfony CssSelector Component",
            "homepage": "http://symfony.com"
        },
        {
            "name": "symfony/http-foundation",
            "version": "2.1.x-dev",
            "target-dir": "Symfony/Component/HttpFoundation",
            "source": {
                "type": "git",
                "url": "https://github.com/symfony/HttpFoundation",
                "reference": "v2.1.6"
            },
            "dist": {
                "type": "zip",
                "url": "https://github.com/symfony/HttpFoundation/archive/v2.1.6.zip",
                "reference": "v2.1.6",
                "shasum": ""
            },
            "require": {
                "php": ">=5.3.3"
            },
            "time": "2012-12-14 21:03:29",
            "type": "library",
            "installation-source": "dist",
            "autoload": {
                "psr-0": {
                    "Symfony\\Component\\HttpFoundation": "",
                    "SessionHandlerInterface": "Symfony/Component/HttpFoundation/Resources/stubs"
                }
            },
            "notification-url": "https://packagist.org/downloads/",
            "license": [
                "MIT"
            ],
            "authors": [
                {
                    "name": "Fabien Potencier",
                    "email": "fabien@symfony.com"
                },
                {
                    "name": "Symfony Community",
                    "homepage": "http://symfony.com/contributors"
                }
            ],
            "description": "Symfony HttpFoundation Component",
            "homepage": "http://symfony.com"
        },
        {
            "name": "symfony/process",
            "version": "2.1.x-dev",
            "target-dir": "Symfony/Component/Process",
            "source": {
                "type": "git",
                "url": "https://github.com/symfony/Process",
                "reference": "cbba493e324cc41b6f408513d74df999b5b6306e"
            },
            "dist": {
                "type": "zip",
                "url": "https://github.com/symfony/Process/archive/cbba493e324cc41b6f408513d74df999b5b6306e.zip",
                "reference": "cbba493e324cc41b6f408513d74df999b5b6306e",
                "shasum": ""
            },
            "require": {
                "php": ">=5.3.3"
            },
            "time": "2012-12-30 12:18:39",
            "type": "library",
            "installation-source": "dist",
            "autoload": {
                "psr-0": {
                    "Symfony\\Component\\Process": ""
                }
            },
            "notification-url": "https://packagist.org/downloads/",
            "license": [
                "MIT"
            ],
            "authors": [
                {
                    "name": "Fabien Potencier",
                    "email": "fabien@symfony.com"
                },
                {
                    "name": "Symfony Community",
                    "homepage": "http://symfony.com/contributors"
                }
            ],
            "description": "Symfony Process Component",
            "homepage": "http://symfony.com"
        },
        {
            "name": "webforge/webforge",
            "version": "dev-master",
            "source": {
                "type": "git",
                "url": "https://github.com/pscheit/webforge.git",
                "reference": "7740ebe756a3b53a71544cd6b2aa82bfe494b761"
            },
            "dist": {
                "type": "zip",
                "url": "https://github.com/pscheit/webforge/archive/7740ebe756a3b53a71544cd6b2aa82bfe494b761.zip",
                "reference": "7740ebe756a3b53a71544cd6b2aa82bfe494b761",
                "shasum": ""
            },
            "require": {
                "php": ">=5.3.2",
                "ext-mbstring": "*",
                "symfony/console": "2.1.*",
                "pscheit/psc-cms": "dev-master",
                "doctrine/orm": "2.3.*@stable",
                "nikic/php-parser": "dev-master"
            },
            "require-dev": {
                "webforge/testdata-repository": "dev-master",
                "phpmd/phpmd": "1.4.0"
            },
            "time": "2012-12-30 15:02:54",
            "type": "library",
            "installation-source": "dist",
            "autoload": {
                "psr-0": {
                    "Webforge": [
                        "lib",
                        "tests"
                    ]
                }
            },
            "notification-url": "https://packagist.org/downloads/",
            "license": [
                "LGPL"
            ],
            "authors": [
                {
                    "name": "Philipp Scheit",
                    "email": "p.scheit@ps-webforge.com"
                }
            ],
            "description": "a content management framework for easy to build and individual content management systems",
            "homepage": "http://github.com/pscheit/webforge",
            "keywords": [
                "framework",
                "cms",
                "cmf"
            ]
        }
    ],
    "packages-dev": null,
    "aliases": [

    ],
    "minimum-stability": "dev",
    "stability-flags": {
        "pscheit/psc-cms": 20,
        "webforge/webforge": 20
    }
}
